
Microsoft Visual Studio Solution File, Format Version 12.00
# Visual Studio Version 16
VisualStudioVersion = 16.0.32413.511
MinimumVisualStudioVersion = 10.0.40219.1
Project("{2150E333-8FDC-42A3-9474-1A3956D46DE8}") = "06. Util", "06. Util", "{22E904FD-335E-4F3D-A551-42CECCC990BB}"
EndProject
Project("{2150E333-8FDC-42A3-9474-1A3956D46DE8}") = "01. Común", "01. Común", "{675CF705-438D-48D6-8EAE-2F6F5BF9ED55}"
EndProject
Project("{2150E333-8FDC-42A3-9474-1A3956D46DE8}") = "05. Rest", "05. Rest", "{616055AB-304A-480D-A8CF-86815FCDF7A2}"
EndProject
Project("{2150E333-8FDC-42A3-9474-1A3956D46DE8}") = "02. Entidad", "02. Entidad", "{DBE9261F-BB54-49DD-9261-9A63FB691970}"
EndProject
Project("{2150E333-8FDC-42A3-9474-1A3956D46DE8}") = "04. Negocio", "04. Negocio", "{8B9896A4-4A1E-461B-BAAD-79A54DB5B8B2}"
EndProject
Project("{2150E333-8FDC-42A3-9474-1A3956D46DE8}") = "03. Datos", "03. Datos", "{96E425A8-F34C-4195-9607-93C20C7C907B}"
EndProject
Project("{2150E333-8FDC-42A3-9474-1A3956D46DE8}") = "07. FrontendArchivoCentral", "07. FrontendArchivoCentral", "{D0400140-FEF6-4F58-A54E-5347B1A1C4E9}"
EndProject
Project("{2150E333-8FDC-42A3-9474-1A3956D46DE8}") = "08.FrontendVentanilla", "08.FrontendVentanilla", "{AC7E0EDC-F689-441D-89F1-4AAB10A18A29}"
EndProject
Project("{9A19103F-16F7-4668-BE54-9A1E7A4F7556}") = "CoServiciosDigitalizacion", "1.CoDigitalizacion\CoServiciosDigitalizacion.csproj", "{4F81F7B0-6AAB-4B06-A361-D155875FB87F}"
EndProject
Project("{9A19103F-16F7-4668-BE54-9A1E7A4F7556}") = "EnServiciosDigitalizacion", "2.EnServiciosDigitalizacion\EnServiciosDigitalizacion.csproj", "{42501F50-DBB8-4DCF-AB16-34641E0ACBEF}"
EndProject
Project("{9A19103F-16F7-4668-BE54-9A1E7A4F7556}") = "DaServiciosDigitalizacion", "3.DaServiciosDigitalizacion\DaServiciosDigitalizacion.csproj", "{F87F77C4-8088-48BE-A20F-E536088AC896}"
EndProject
Project("{9A19103F-16F7-4668-BE54-9A1E7A4F7556}") = "NeServiciosDigitalizacion", "4.NeServiciosDigitalizacion\NeServiciosDigitalizacion.csproj", "{D2C6C243-F438-4BB1-8EDB-5F128015B5A3}"
EndProject
Project("{9A19103F-16F7-4668-BE54-9A1E7A4F7556}") = "ApiServiciosDigitalizacion", "5.ApiServiciosDigitalizacion\ApiServiciosDigitalizacion.csproj", "{5D163846-2BF6-4BAA-89AE-450826483E56}"
EndProject
Project("{9A19103F-16F7-4668-BE54-9A1E7A4F7556}") = "Utilitarios", "6.UtilitariosDigitalizacion\Utilitarios.csproj", "{E4AF20C5-1A3F-4AE1-906F-ED7641D0A8C1}"
EndProject
Project("{9A19103F-16F7-4668-BE54-9A1E7A4F7556}") = "Frotend.ArchivoCentral.Micetur", "7.FrontendArchivoCentral\Frotend.ArchivoCentral.Micetur.csproj", "{57B97D41-1084-4956-A131-3BACA4591F8E}"
EndProject
Project("{9A19103F-16F7-4668-BE54-9A1E7A4F7556}") = "Frotend.Ventanilla.Micetur", "Frotend.Ventanilla.Micetur\Frotend.Ventanilla.Micetur.csproj", "{B11307E3-EC0D-416E-9D67-0E77AA8AB9CE}"
EndProject
Global
	GlobalSection(SolutionConfigurationPlatforms) = preSolution
		Debug|Any CPU = Debug|Any CPU
		Release|Any CPU = Release|Any CPU
	EndGlobalSection
	GlobalSection(ProjectConfigurationPlatforms) = postSolution
		{4F81F7B0-6AAB-4B06-A361-D155875FB87F}.Debug|Any CPU.ActiveCfg = Debug|Any CPU
		{4F81F7B0-6AAB-4B06-A361-D155875FB87F}.Debug|Any CPU.Build.0 = Debug|Any CPU
		{4F81F7B0-6AAB-4B06-A361-D155875FB87F}.Release|Any CPU.ActiveCfg = Release|Any CPU
		{4F81F7B0-6AAB-4B06-A361-D155875FB87F}.Release|Any CPU.Build.0 = Release|Any CPU
		{42501F50-DBB8-4DCF-AB16-34641E0ACBEF}.Debug|Any CPU.ActiveCfg = Debug|Any CPU
		{42501F50-DBB8-4DCF-AB16-34641E0ACBEF}.Debug|Any CPU.Build.0 = Debug|Any CPU
		{42501F50-DBB8-4DCF-AB16-34641E0ACBEF}.Release|Any CPU.ActiveCfg = Release|Any CPU
		{42501F50-DBB8-4DCF-AB16-34641E0ACBEF}.Release|Any CPU.Build.0 = Release|Any CPU
		{F87F77C4-8088-48BE-A20F-E536088AC896}.Debug|Any CPU.ActiveCfg = Debug|Any CPU
		{F87F77C4-8088-48BE-A20F-E536088AC896}.Debug|Any CPU.Build.0 = Debug|Any CPU
		{F87F77C4-8088-48BE-A20F-E536088AC896}.Release|Any CPU.ActiveCfg = Release|Any CPU
		{F87F77C4-8088-48BE-A20F-E536088AC896}.Release|Any CPU.Build.0 = Release|Any CPU
		{D2C6C243-F438-4BB1-8EDB-5F128015B5A3}.Debug|Any CPU.ActiveCfg = Debug|Any CPU
		{D2C6C243-F438-4BB1-8EDB-5F128015B5A3}.Debug|Any CPU.Build.0 = Debug|Any CPU
		{D2C6C243-F438-4BB1-8EDB-5F128015B5A3}.Release|Any CPU.ActiveCfg = Release|Any CPU
		{D2C6C243-F438-4BB1-8EDB-5F128015B5A3}.Release|Any CPU.Build.0 = Release|Any CPU
		{5D163846-2BF6-4BAA-89AE-450826483E56}.Debug|Any CPU.ActiveCfg = Debug|Any CPU
		{5D163846-2BF6-4BAA-89AE-450826483E56}.Debug|Any CPU.Build.0 = Debug|Any CPU
		{5D163846-2BF6-4BAA-89AE-450826483E56}.Release|Any CPU.ActiveCfg = Release|Any CPU
		{5D163846-2BF6-4BAA-89AE-450826483E56}.Release|Any CPU.Build.0 = Release|Any CPU
		{E4AF20C5-1A3F-4AE1-906F-ED7641D0A8C1}.Debug|Any CPU.ActiveCfg = Debug|Any CPU
		{E4AF20C5-1A3F-4AE1-906F-ED7641D0A8C1}.Debug|Any CPU.Build.0 = Debug|Any CPU
		{E4AF20C5-1A3F-4AE1-906F-ED7641D0A8C1}.Release|Any CPU.ActiveCfg = Release|Any CPU
		{E4AF20C5-1A3F-4AE1-906F-ED7641D0A8C1}.Release|Any CPU.Build.0 = Release|Any CPU
		{57B97D41-1084-4956-A131-3BACA4591F8E}.Debug|Any CPU.ActiveCfg = Debug|Any CPU
		{57B97D41-1084-4956-A131-3BACA4591F8E}.Debug|Any CPU.Build.0 = Debug|Any CPU
		{57B97D41-1084-4956-A131-3BACA4591F8E}.Release|Any CPU.ActiveCfg = Release|Any CPU
		{57B97D41-1084-4956-A131-3BACA4591F8E}.Release|Any CPU.Build.0 = Release|Any CPU
		{B11307E3-EC0D-416E-9D67-0E77AA8AB9CE}.Debug|Any CPU.ActiveCfg = Debug|Any CPU
		{B11307E3-EC0D-416E-9D67-0E77AA8AB9CE}.Debug|Any CPU.Build.0 = Debug|Any CPU
		{B11307E3-EC0D-416E-9D67-0E77AA8AB9CE}.Release|Any CPU.ActiveCfg = Release|Any CPU
		{B11307E3-EC0D-416E-9D67-0E77AA8AB9CE}.Release|Any CPU.Build.0 = Release|Any CPU
	EndGlobalSection
	GlobalSection(SolutionProperties) = preSolution
		HideSolutionNode = FALSE
	EndGlobalSection
	GlobalSection(NestedProjects) = preSolution
		{4F81F7B0-6AAB-4B06-A361-D155875FB87F} = {675CF705-438D-48D6-8EAE-2F6F5BF9ED55}
		{42501F50-DBB8-4DCF-AB16-34641E0ACBEF} = {DBE9261F-BB54-49DD-9261-9A63FB691970}
		{F87F77C4-8088-48BE-A20F-E536088AC896} = {96E425A8-F34C-4195-9607-93C20C7C907B}
		{D2C6C243-F438-4BB1-8EDB-5F128015B5A3} = {8B9896A4-4A1E-461B-BAAD-79A54DB5B8B2}
		{5D163846-2BF6-4BAA-89AE-450826483E56} = {616055AB-304A-480D-A8CF-86815FCDF7A2}
		{E4AF20C5-1A3F-4AE1-906F-ED7641D0A8C1} = {22E904FD-335E-4F3D-A551-42CECCC990BB}
		{57B97D41-1084-4956-A131-3BACA4591F8E} = {D0400140-FEF6-4F58-A54E-5347B1A1C4E9}
		{B11307E3-EC0D-416E-9D67-0E77AA8AB9CE} = {AC7E0EDC-F689-441D-89F1-4AAB10A18A29}
	EndGlobalSection
	GlobalSection(ExtensibilityGlobals) = postSolution
		SolutionGuid = {E68A3A0A-EE34-4B76-BBE2-A677A95A8903}
	EndGlobalSection
EndGlobal
